
Microsoft Visual Studio Solution File, Format Version 12.00
# Visual Studio Version 16
VisualStudioVersion = 16.0.31729.503
MinimumVisualStudioVersion = 10.0.40219.1
Project("{E53339B2-1760-4266-BCC7-CA923CBCF16C}") = "docker-compose", "docker-compose.dcproj", "{86E3267E-A209-4118-86EF-844495F5D153}"
EndProject
Project("{2150E333-8FDC-42A3-9474-1A3956D46DE8}") = "BuildingBlocks", "BuildingBlocks", "{6531D9D9-AE0C-4911-9BD0-CA97D8C10F8D}"
EndProject
Project("{2150E333-8FDC-42A3-9474-1A3956D46DE8}") = "Services", "Services", "{72B57902-37AE-4087-B55A-535026A05073}"
EndProject
Project("{2150E333-8FDC-42A3-9474-1A3956D46DE8}") = "Account", "Account", "{96E43FCA-BF32-4682-8FBA-2FEF0BC0DE20}"
EndProject
Project("{2150E333-8FDC-42A3-9474-1A3956D46DE8}") = "ApiGateway", "ApiGateway", "{D9A31A7A-5EB4-41FE-AF88-C9E48C93B3A5}"
EndProject
Project("{2150E333-8FDC-42A3-9474-1A3956D46DE8}") = "Basket", "Basket", "{345F37BA-82A0-486D-884E-C1F3D04B8187}"
EndProject
Project("{2150E333-8FDC-42A3-9474-1A3956D46DE8}") = "Catalog", "Catalog", "{8C539822-F240-4686-8C61-7D564A0BB8B5}"
EndProject
Project("{2150E333-8FDC-42A3-9474-1A3956D46DE8}") = "Existence", "Existence", "{B1CCA6AB-2F5C-41D4-9566-0DFCAF3852A3}"
EndProject
Project("{2150E333-8FDC-42A3-9474-1A3956D46DE8}") = "Ordering", "Ordering", "{93A3BF08-2BD8-4360-B7E8-96E615348FF4}"
EndProject
Project("{9A19103F-16F7-4668-BE54-9A1E7A4F7556}") = "Catalog.API", "Services\Catalog.API\Catalog.API.csproj", "{C1A5E994-7593-4638-8F86-B257BB39A5E2}"
EndProject
Project("{9A19103F-16F7-4668-BE54-9A1E7A4F7556}") = "Basket.API", "Services\Basket.API\Basket.API\Basket.API.csproj", "{17D50829-DF10-42F0-9AA9-1E6BC049BBED}"
EndProject
Project("{9A19103F-16F7-4668-BE54-9A1E7A4F7556}") = "Ordering.API", "Services\Ordering.Api\Ordering.API\Ordering.API.csproj", "{A5147339-30E1-4313-BD98-A82CC94415F0}"
EndProject
Project("{9A19103F-16F7-4668-BE54-9A1E7A4F7556}") = "Ordering.Application", "Services\Ordering.Api\Ordering.Application\Ordering.Application.csproj", "{E5DD0543-5F81-45FA-89CD-3EF00015B76B}"
EndProject
Project("{9A19103F-16F7-4668-BE54-9A1E7A4F7556}") = "Ordering.Domain", "Services\Ordering.Api\Ordering.Domain\Ordering.Domain.csproj", "{E7E72DEC-B5A8-4CEE-939D-700A18096837}"
EndProject
Project("{9A19103F-16F7-4668-BE54-9A1E7A4F7556}") = "Ordering.Infrastructure", "Services\Ordering.Api\Ordering.Infrastructure\Ordering.Infrastructure.csproj", "{21212FD0-D057-4756-A9DA-463ACD12D9EF}"
EndProject
Project("{9A19103F-16F7-4668-BE54-9A1E7A4F7556}") = "Account.Api", "Services\Account.Api\Account.Api.csproj", "{A269378D-B0C6-4086-88E4-53EFAFC51939}"
EndProject
Project("{FAE04EC0-301F-11D3-BF4B-00C04F79EFBC}") = "OcelotGateway", "Services\OcelotGateway\OcelotGateway.csproj", "{15177F8D-F8D2-4B8F-A2DA-F0D24760A3B3}"
EndProject
Global
	GlobalSection(SolutionConfigurationPlatforms) = preSolution
		Debug|Any CPU = Debug|Any CPU
		Release|Any CPU = Release|Any CPU
	EndGlobalSection
	GlobalSection(ProjectConfigurationPlatforms) = postSolution
		{86E3267E-A209-4118-86EF-844495F5D153}.Debug|Any CPU.ActiveCfg = Debug|Any CPU
		{86E3267E-A209-4118-86EF-844495F5D153}.Debug|Any CPU.Build.0 = Debug|Any CPU
		{86E3267E-A209-4118-86EF-844495F5D153}.Release|Any CPU.ActiveCfg = Release|Any CPU
		{86E3267E-A209-4118-86EF-844495F5D153}.Release|Any CPU.Build.0 = Release|Any CPU
		{C1A5E994-7593-4638-8F86-B257BB39A5E2}.Debug|Any CPU.ActiveCfg = Debug|Any CPU
		{C1A5E994-7593-4638-8F86-B257BB39A5E2}.Debug|Any CPU.Build.0 = Debug|Any CPU
		{C1A5E994-7593-4638-8F86-B257BB39A5E2}.Release|Any CPU.ActiveCfg = Release|Any CPU
		{C1A5E994-7593-4638-8F86-B257BB39A5E2}.Release|Any CPU.Build.0 = Release|Any CPU
		{17D50829-DF10-42F0-9AA9-1E6BC049BBED}.Debug|Any CPU.ActiveCfg = Debug|Any CPU
		{17D50829-DF10-42F0-9AA9-1E6BC049BBED}.Debug|Any CPU.Build.0 = Debug|Any CPU
		{17D50829-DF10-42F0-9AA9-1E6BC049BBED}.Release|Any CPU.ActiveCfg = Release|Any CPU
		{17D50829-DF10-42F0-9AA9-1E6BC049BBED}.Release|Any CPU.Build.0 = Release|Any CPU
		{A5147339-30E1-4313-BD98-A82CC94415F0}.Debug|Any CPU.ActiveCfg = Debug|Any CPU
		{A5147339-30E1-4313-BD98-A82CC94415F0}.Debug|Any CPU.Build.0 = Debug|Any CPU
		{A5147339-30E1-4313-BD98-A82CC94415F0}.Release|Any CPU.ActiveCfg = Release|Any CPU
		{A5147339-30E1-4313-BD98-A82CC94415F0}.Release|Any CPU.Build.0 = Release|Any CPU
		{E5DD0543-5F81-45FA-89CD-3EF00015B76B}.Debug|Any CPU.ActiveCfg = Debug|Any CPU
		{E5DD0543-5F81-45FA-89CD-3EF00015B76B}.Debug|Any CPU.Build.0 = Debug|Any CPU
		{E5DD0543-5F81-45FA-89CD-3EF00015B76B}.Release|Any CPU.ActiveCfg = Release|Any CPU
		{E5DD0543-5F81-45FA-89CD-3EF00015B76B}.Release|Any CPU.Build.0 = Release|Any CPU
		{E7E72DEC-B5A8-4CEE-939D-700A18096837}.Debug|Any CPU.ActiveCfg = Debug|Any CPU
		{E7E72DEC-B5A8-4CEE-939D-700A18096837}.Debug|Any CPU.Build.0 = Debug|Any CPU
		{E7E72DEC-B5A8-4CEE-939D-700A18096837}.Release|Any CPU.ActiveCfg = Release|Any CPU
		{E7E72DEC-B5A8-4CEE-939D-700A18096837}.Release|Any CPU.Build.0 = Release|Any CPU
		{21212FD0-D057-4756-A9DA-463ACD12D9EF}.Debug|Any CPU.ActiveCfg = Debug|Any CPU
		{21212FD0-D057-4756-A9DA-463ACD12D9EF}.Debug|Any CPU.Build.0 = Debug|Any CPU
		{21212FD0-D057-4756-A9DA-463ACD12D9EF}.Release|Any CPU.ActiveCfg = Release|Any CPU
		{21212FD0-D057-4756-A9DA-463ACD12D9EF}.Release|Any CPU.Build.0 = Release|Any CPU
		{A269378D-B0C6-4086-88E4-53EFAFC51939}.Debug|Any CPU.ActiveCfg = Debug|Any CPU
		{A269378D-B0C6-4086-88E4-53EFAFC51939}.Debug|Any CPU.Build.0 = Debug|Any CPU
		{A269378D-B0C6-4086-88E4-53EFAFC51939}.Release|Any CPU.ActiveCfg = Release|Any CPU
		{A269378D-B0C6-4086-88E4-53EFAFC51939}.Release|Any CPU.Build.0 = Release|Any CPU
		{15177F8D-F8D2-4B8F-A2DA-F0D24760A3B3}.Debug|Any CPU.ActiveCfg = Debug|Any CPU
		{15177F8D-F8D2-4B8F-A2DA-F0D24760A3B3}.Debug|Any CPU.Build.0 = Debug|Any CPU
		{15177F8D-F8D2-4B8F-A2DA-F0D24760A3B3}.Release|Any CPU.ActiveCfg = Release|Any CPU
		{15177F8D-F8D2-4B8F-A2DA-F0D24760A3B3}.Release|Any CPU.Build.0 = Release|Any CPU
	EndGlobalSection
	GlobalSection(SolutionProperties) = preSolution
		HideSolutionNode = FALSE
	EndGlobalSection
	GlobalSection(NestedProjects) = preSolution
		{96E43FCA-BF32-4682-8FBA-2FEF0BC0DE20} = {72B57902-37AE-4087-B55A-535026A05073}
		{D9A31A7A-5EB4-41FE-AF88-C9E48C93B3A5} = {72B57902-37AE-4087-B55A-535026A05073}
		{345F37BA-82A0-486D-884E-C1F3D04B8187} = {72B57902-37AE-4087-B55A-535026A05073}
		{8C539822-F240-4686-8C61-7D564A0BB8B5} = {72B57902-37AE-4087-B55A-535026A05073}
		{B1CCA6AB-2F5C-41D4-9566-0DFCAF3852A3} = {72B57902-37AE-4087-B55A-535026A05073}
		{93A3BF08-2BD8-4360-B7E8-96E615348FF4} = {72B57902-37AE-4087-B55A-535026A05073}
		{C1A5E994-7593-4638-8F86-B257BB39A5E2} = {8C539822-F240-4686-8C61-7D564A0BB8B5}
		{17D50829-DF10-42F0-9AA9-1E6BC049BBED} = {345F37BA-82A0-486D-884E-C1F3D04B8187}
		{A5147339-30E1-4313-BD98-A82CC94415F0} = {93A3BF08-2BD8-4360-B7E8-96E615348FF4}
		{E5DD0543-5F81-45FA-89CD-3EF00015B76B} = {93A3BF08-2BD8-4360-B7E8-96E615348FF4}
		{E7E72DEC-B5A8-4CEE-939D-700A18096837} = {93A3BF08-2BD8-4360-B7E8-96E615348FF4}
		{21212FD0-D057-4756-A9DA-463ACD12D9EF} = {93A3BF08-2BD8-4360-B7E8-96E615348FF4}
		{A269378D-B0C6-4086-88E4-53EFAFC51939} = {96E43FCA-BF32-4682-8FBA-2FEF0BC0DE20}
		{15177F8D-F8D2-4B8F-A2DA-F0D24760A3B3} = {D9A31A7A-5EB4-41FE-AF88-C9E48C93B3A5}
	EndGlobalSection
	GlobalSection(ExtensibilityGlobals) = postSolution
		SolutionGuid = {76E64AD8-5AEC-4806-866E-90234BFD2AEC}
	EndGlobalSection
EndGlobal
